
Microsoft Visual Studio Solution File, Format Version 12.00
Project("{FAE04EC0-301F-11D3-BF4B-00C04F79EFBC}") = "producer", "producer\producer.csproj", "{A3447D22-4F35-47FD-A2B6-D43646E02A89}"
EndProject
Project("{FAE04EC0-301F-11D3-BF4B-00C04F79EFBC}") = "consumer", "consumer\consumer.csproj", "{A8E2E2A5-9362-4941-9A50-63292346E2A5}"
EndProject
Global
	GlobalSection(SolutionConfigurationPlatforms) = preSolution
		Debug|Any CPU = Debug|Any CPU
		Release|Any CPU = Release|Any CPU
	EndGlobalSection
	GlobalSection(ProjectConfigurationPlatforms) = postSolution
		{A3447D22-4F35-47FD-A2B6-D43646E02A89}.Debug|Any CPU.ActiveCfg = Debug|Any CPU
		{A3447D22-4F35-47FD-A2B6-D43646E02A89}.Debug|Any CPU.Build.0 = Debug|Any CPU
		{A3447D22-4F35-47FD-A2B6-D43646E02A89}.Release|Any CPU.ActiveCfg = Release|Any CPU
		{A3447D22-4F35-47FD-A2B6-D43646E02A89}.Release|Any CPU.Build.0 = Release|Any CPU
		{A8E2E2A5-9362-4941-9A50-63292346E2A5}.Debug|Any CPU.ActiveCfg = Debug|Any CPU
		{A8E2E2A5-9362-4941-9A50-63292346E2A5}.Debug|Any CPU.Build.0 = Debug|Any CPU
		{A8E2E2A5-9362-4941-9A50-63292346E2A5}.Release|Any CPU.ActiveCfg = Release|Any CPU
		{A8E2E2A5-9362-4941-9A50-63292346E2A5}.Release|Any CPU.Build.0 = Release|Any CPU
	EndGlobalSection
EndGlobal
