
Microsoft Visual Studio Solution File, Format Version 12.00
Project("{FAE04EC0-301F-11D3-BF4B-00C04F79EFBC}") = "producer", "producer\producer.csproj", "{A3447D22-4F35-47FD-A2B6-D43646E02A89}"
EndProject
Project("{FAE04EC0-301F-11D3-BF4B-00C04F79EFBC}") = "consumer", "consumer\consumer.csproj", "{A8E2E2A5-9362-4941-9A50-63292346E2A5}"
EndProject
Project("{FAE04EC0-301F-11D3-BF4B-00C04F79EFBC}") = "init", "init\init.csproj", "{C20B123B-52D5-4583-8D68-85006D25DF10}"
EndProject
Project("{FAE04EC0-301F-11D3-BF4B-00C04F79EFBC}") = "producer.amqp10.amqpnetlite", "producer.amqp10.amqpnetlite\producer.amqp10.amqpnetlite.csproj", "{6E393ACF-3539-427A-826B-0243D4814F1D}"
EndProject
Project("{FAE04EC0-301F-11D3-BF4B-00C04F79EFBC}") = "init.amqp", "init.amqp\init.amqp.csproj", "{C21CDE13-7590-4F52-B852-E16877C4CBB0}"
EndProject
Project("{FAE04EC0-301F-11D3-BF4B-00C04F79EFBC}") = "RabbitMQ.Stream.Client", "..\..\..\rabbitmq-stream-dotnet-client\RabbitMQ.Stream.Client\RabbitMQ.Stream.Client.csproj", "{67157058-461E-494E-BEAE-EE9FE7CCDE0A}"
EndProject
Project("{FAE04EC0-301F-11D3-BF4B-00C04F79EFBC}") = "producer.amqp091.rabbitmqclient", "producer.amqp091.rabbitmqclient\producer.amqp091.rabbitmqclient.csproj", "{D2A9A824-5E68-4699-8501-C23CBEE1886F}"
EndProject
Project("{FAE04EC0-301F-11D3-BF4B-00C04F79EFBC}") = "consumer.amqp.091.rabbitmqclient", "consumer.amqp.091.rabbitmqclient\consumer.amqp.091.rabbitmqclient.csproj", "{702963D0-E9C6-465D-9AD7-78A259E93731}"
EndProject
Project("{FAE04EC0-301F-11D3-BF4B-00C04F79EFBC}") = "consumer.amqp10.amqpnetlite", "consumer.amqp10.amqpnetlite\consumer.amqp10.amqpnetlite.csproj", "{98DB6B15-2132-49A3-8295-EB9C700695F3}"
EndProject
Global
	GlobalSection(SolutionConfigurationPlatforms) = preSolution
		Debug|Any CPU = Debug|Any CPU
		Release|Any CPU = Release|Any CPU
	EndGlobalSection
	GlobalSection(ProjectConfigurationPlatforms) = postSolution
		{A3447D22-4F35-47FD-A2B6-D43646E02A89}.Debug|Any CPU.ActiveCfg = Debug|Any CPU
		{A3447D22-4F35-47FD-A2B6-D43646E02A89}.Debug|Any CPU.Build.0 = Debug|Any CPU
		{A3447D22-4F35-47FD-A2B6-D43646E02A89}.Release|Any CPU.ActiveCfg = Release|Any CPU
		{A3447D22-4F35-47FD-A2B6-D43646E02A89}.Release|Any CPU.Build.0 = Release|Any CPU
		{A8E2E2A5-9362-4941-9A50-63292346E2A5}.Debug|Any CPU.ActiveCfg = Debug|Any CPU
		{A8E2E2A5-9362-4941-9A50-63292346E2A5}.Debug|Any CPU.Build.0 = Debug|Any CPU
		{A8E2E2A5-9362-4941-9A50-63292346E2A5}.Release|Any CPU.ActiveCfg = Release|Any CPU
		{A8E2E2A5-9362-4941-9A50-63292346E2A5}.Release|Any CPU.Build.0 = Release|Any CPU
		{C20B123B-52D5-4583-8D68-85006D25DF10}.Debug|Any CPU.ActiveCfg = Debug|Any CPU
		{C20B123B-52D5-4583-8D68-85006D25DF10}.Debug|Any CPU.Build.0 = Debug|Any CPU
		{C20B123B-52D5-4583-8D68-85006D25DF10}.Release|Any CPU.ActiveCfg = Release|Any CPU
		{C20B123B-52D5-4583-8D68-85006D25DF10}.Release|Any CPU.Build.0 = Release|Any CPU
		{6E393ACF-3539-427A-826B-0243D4814F1D}.Debug|Any CPU.ActiveCfg = Debug|Any CPU
		{6E393ACF-3539-427A-826B-0243D4814F1D}.Debug|Any CPU.Build.0 = Debug|Any CPU
		{6E393ACF-3539-427A-826B-0243D4814F1D}.Release|Any CPU.ActiveCfg = Release|Any CPU
		{6E393ACF-3539-427A-826B-0243D4814F1D}.Release|Any CPU.Build.0 = Release|Any CPU
		{C21CDE13-7590-4F52-B852-E16877C4CBB0}.Debug|Any CPU.ActiveCfg = Debug|Any CPU
		{C21CDE13-7590-4F52-B852-E16877C4CBB0}.Debug|Any CPU.Build.0 = Debug|Any CPU
		{C21CDE13-7590-4F52-B852-E16877C4CBB0}.Release|Any CPU.ActiveCfg = Release|Any CPU
		{C21CDE13-7590-4F52-B852-E16877C4CBB0}.Release|Any CPU.Build.0 = Release|Any CPU
		{67157058-461E-494E-BEAE-EE9FE7CCDE0A}.Debug|Any CPU.ActiveCfg = Debug|Any CPU
		{67157058-461E-494E-BEAE-EE9FE7CCDE0A}.Debug|Any CPU.Build.0 = Debug|Any CPU
		{67157058-461E-494E-BEAE-EE9FE7CCDE0A}.Release|Any CPU.ActiveCfg = Release|Any CPU
		{67157058-461E-494E-BEAE-EE9FE7CCDE0A}.Release|Any CPU.Build.0 = Release|Any CPU
		{D2A9A824-5E68-4699-8501-C23CBEE1886F}.Debug|Any CPU.ActiveCfg = Debug|Any CPU
		{D2A9A824-5E68-4699-8501-C23CBEE1886F}.Debug|Any CPU.Build.0 = Debug|Any CPU
		{D2A9A824-5E68-4699-8501-C23CBEE1886F}.Release|Any CPU.ActiveCfg = Release|Any CPU
		{D2A9A824-5E68-4699-8501-C23CBEE1886F}.Release|Any CPU.Build.0 = Release|Any CPU
		{702963D0-E9C6-465D-9AD7-78A259E93731}.Debug|Any CPU.ActiveCfg = Debug|Any CPU
		{702963D0-E9C6-465D-9AD7-78A259E93731}.Debug|Any CPU.Build.0 = Debug|Any CPU
		{702963D0-E9C6-465D-9AD7-78A259E93731}.Release|Any CPU.ActiveCfg = Release|Any CPU
		{702963D0-E9C6-465D-9AD7-78A259E93731}.Release|Any CPU.Build.0 = Release|Any CPU
		{98DB6B15-2132-49A3-8295-EB9C700695F3}.Debug|Any CPU.ActiveCfg = Debug|Any CPU
		{98DB6B15-2132-49A3-8295-EB9C700695F3}.Debug|Any CPU.Build.0 = Debug|Any CPU
		{98DB6B15-2132-49A3-8295-EB9C700695F3}.Release|Any CPU.ActiveCfg = Release|Any CPU
		{98DB6B15-2132-49A3-8295-EB9C700695F3}.Release|Any CPU.Build.0 = Release|Any CPU
	EndGlobalSection
EndGlobal
